// !$*UTF8*$!
{
	archiveVersion = 1;
	classes = {
	};
	objectVersion = 46;
	objects = {

/* Begin PBXBuildFile section */
		14187B1234604174A9E0FAB9 /* libPods-Humid2UITests.a in Frameworks */ = {isa = PBXBuildFile; fileRef = 8C0AFD1F10D4452790621823 /* libPods-Humid2UITests.a */; };
		379A9A82C794482D9D2428ED /* libPods-Humid2Tests.a in Frameworks */ = {isa = PBXBuildFile; fileRef = 28B93496BA41420FB22B7744 /* libPods-Humid2Tests.a */; };
		8415CDB418DD9C940056690B /* forecast.json in Resources */ = {isa = PBXBuildFile; fileRef = 8415CDB318DD9C940056690B /* forecast.json */; };
		8433DFD618D7FE0A00576C22 /* Forecast+CLLocation.m in Sources */ = {isa = PBXBuildFile; fileRef = 8433DFD518D7FE0A00576C22 /* Forecast+CLLocation.m */; };
		843AFD9C18D7F9D900E17047 /* ForecastAPIClient.m in Sources */ = {isa = PBXBuildFile; fileRef = 843AFD9B18D7F9D900E17047 /* ForecastAPIClient.m */; };
		845CC78718E2C0F10046E9F4 /* NXVWeatherDetailsViewController.m in Sources */ = {isa = PBXBuildFile; fileRef = 845CC78618E2C0F10046E9F4 /* NXVWeatherDetailsViewController.m */; };
		8466F5EC18DD640800164908 /* XCTest.framework in Frameworks */ = {isa = PBXBuildFile; fileRef = 84F998F718D6D8A600899921 /* XCTest.framework */; };
		8466F5ED18DD640800164908 /* Foundation.framework in Frameworks */ = {isa = PBXBuildFile; fileRef = 84F998DE18D6D8A500899921 /* Foundation.framework */; };
		8466F5EE18DD640800164908 /* UIKit.framework in Frameworks */ = {isa = PBXBuildFile; fileRef = 84F998E218D6D8A500899921 /* UIKit.framework */; };
		8466F5F418DD640800164908 /* InfoPlist.strings in Resources */ = {isa = PBXBuildFile; fileRef = 8466F5F218DD640800164908 /* InfoPlist.strings */; };
		8471B80C18E289480095673E /* FunctionalTestingSpec.m in Sources */ = {isa = PBXBuildFile; fileRef = 8471B80B18E289480095673E /* FunctionalTestingSpec.m */; };
		8477D51D18DC4650006240CF /* NXVForecastModel.m in Sources */ = {isa = PBXBuildFile; fileRef = 8477D51C18DC4650006240CF /* NXVForecastModel.m */; };
		84F998DF18D6D8A500899921 /* Foundation.framework in Frameworks */ = {isa = PBXBuildFile; fileRef = 84F998DE18D6D8A500899921 /* Foundation.framework */; };
		84F998E118D6D8A500899921 /* CoreGraphics.framework in Frameworks */ = {isa = PBXBuildFile; fileRef = 84F998E018D6D8A500899921 /* CoreGraphics.framework */; };
		84F998E318D6D8A500899921 /* UIKit.framework in Frameworks */ = {isa = PBXBuildFile; fileRef = 84F998E218D6D8A500899921 /* UIKit.framework */; };
		84F998E918D6D8A500899921 /* InfoPlist.strings in Resources */ = {isa = PBXBuildFile; fileRef = 84F998E718D6D8A500899921 /* InfoPlist.strings */; };
		84F998EB18D6D8A500899921 /* main.m in Sources */ = {isa = PBXBuildFile; fileRef = 84F998EA18D6D8A500899921 /* main.m */; };
		84F998EF18D6D8A500899921 /* SOAppDelegate.m in Sources */ = {isa = PBXBuildFile; fileRef = 84F998EE18D6D8A500899921 /* SOAppDelegate.m */; };
		84F998F118D6D8A500899921 /* Images.xcassets in Resources */ = {isa = PBXBuildFile; fileRef = 84F998F018D6D8A500899921 /* Images.xcassets */; };
		84F998F818D6D8A600899921 /* XCTest.framework in Frameworks */ = {isa = PBXBuildFile; fileRef = 84F998F718D6D8A600899921 /* XCTest.framework */; };
		84F998F918D6D8A600899921 /* Foundation.framework in Frameworks */ = {isa = PBXBuildFile; fileRef = 84F998DE18D6D8A500899921 /* Foundation.framework */; };
		84F998FA18D6D8A600899921 /* UIKit.framework in Frameworks */ = {isa = PBXBuildFile; fileRef = 84F998E218D6D8A500899921 /* UIKit.framework */; };
		84F9990218D6D8A600899921 /* InfoPlist.strings in Resources */ = {isa = PBXBuildFile; fileRef = 84F9990018D6D8A600899921 /* InfoPlist.strings */; };
		84F9990418D6D8A600899921 /* Humid2Tests.m in Sources */ = {isa = PBXBuildFile; fileRef = 84F9990318D6D8A600899921 /* Humid2Tests.m */; };
		84F9990E18D6DC6700899921 /* Main.storyboard in Resources */ = {isa = PBXBuildFile; fileRef = 84F9990D18D6DC6700899921 /* Main.storyboard */; };
		84F9991118D6DF4700899921 /* NXVMainViewController.m in Sources */ = {isa = PBXBuildFile; fileRef = 84F9991018D6DF4700899921 /* NXVMainViewController.m */; };
		84F9991A18D6E95A00899921 /* NXVAppDelegate.m in Sources */ = {isa = PBXBuildFile; fileRef = 84F9991918D6E95A00899921 /* NXVAppDelegate.m */; };
		84F9995E18D70A4A00899921 /* CustomActionSheet.m in Sources */ = {isa = PBXBuildFile; fileRef = 84F9995B18D70A4A00899921 /* CustomActionSheet.m */; };
		84F9995F18D70A4A00899921 /* UIAlertView+Block.m in Sources */ = {isa = PBXBuildFile; fileRef = 84F9995D18D70A4A00899921 /* UIAlertView+Block.m */; };
		84F9996318D70E5200899921 /* Forecast.m in Sources */ = {isa = PBXBuildFile; fileRef = 84F9996218D70E5200899921 /* Forecast.m */; };
		BE58812DB1464947973B2B28 /* libPods-Humid2.a in Frameworks */ = {isa = PBXBuildFile; fileRef = ABC8D57BD856403481011749 /* libPods-Humid2.a */; };
/* End PBXBuildFile section */

/* Begin PBXContainerItemProxy section */
		8466F5F818DD640800164908 /* PBXContainerItemProxy */ = {
			isa = PBXContainerItemProxy;
			containerPortal = 84F998D318D6D8A500899921 /* Project object */;
			proxyType = 1;
			remoteGlobalIDString = 84F998DA18D6D8A500899921;
			remoteInfo = Humid2;
		};
		84F998FB18D6D8A600899921 /* PBXContainerItemProxy */ = {
			isa = PBXContainerItemProxy;
			containerPortal = 84F998D318D6D8A500899921 /* Project object */;
			proxyType = 1;
			remoteGlobalIDString = 84F998DA18D6D8A500899921;
			remoteInfo = Humid2;
		};
/* End PBXContainerItemProxy section */

/* Begin PBXFileReference section */
		28B93496BA41420FB22B7744 /* libPods-Humid2Tests.a */ = {isa = PBXFileReference; explicitFileType = archive.ar; includeInIndex = 0; path = "libPods-Humid2Tests.a"; sourceTree = BUILT_PRODUCTS_DIR; };
		8415CDB318DD9C940056690B /* forecast.json */ = {isa = PBXFileReference; fileEncoding = 4; lastKnownFileType = text.json; path = forecast.json; sourceTree = "<group>"; };
		8433DFD418D7FE0A00576C22 /* Forecast+CLLocation.h */ = {isa = PBXFileReference; fileEncoding = 4; lastKnownFileType = sourcecode.c.h; path = "Forecast+CLLocation.h"; sourceTree = "<group>"; };
		8433DFD518D7FE0A00576C22 /* Forecast+CLLocation.m */ = {isa = PBXFileReference; fileEncoding = 4; lastKnownFileType = sourcecode.c.objc; path = "Forecast+CLLocation.m"; sourceTree = "<group>"; };
		843AFD9A18D7F9D900E17047 /* ForecastAPIClient.h */ = {isa = PBXFileReference; fileEncoding = 4; lastKnownFileType = sourcecode.c.h; path = ForecastAPIClient.h; sourceTree = "<group>"; };
		843AFD9B18D7F9D900E17047 /* ForecastAPIClient.m */ = {isa = PBXFileReference; fileEncoding = 4; lastKnownFileType = sourcecode.c.objc; path = ForecastAPIClient.m; sourceTree = "<group>"; };
		845CC78518E2C0F10046E9F4 /* NXVWeatherDetailsViewController.h */ = {isa = PBXFileReference; fileEncoding = 4; lastKnownFileType = sourcecode.c.h; path = NXVWeatherDetailsViewController.h; sourceTree = "<group>"; };
		845CC78618E2C0F10046E9F4 /* NXVWeatherDetailsViewController.m */ = {isa = PBXFileReference; fileEncoding = 4; lastKnownFileType = sourcecode.c.objc; path = NXVWeatherDetailsViewController.m; sourceTree = "<group>"; };
		8466F5EB18DD640800164908 /* Humid2UITests.octest */ = {isa = PBXFileReference; explicitFileType = wrapper.cfbundle; includeInIndex = 0; path = Humid2UITests.octest; sourceTree = BUILT_PRODUCTS_DIR; };
		8466F5F118DD640800164908 /* Humid2UITests-Info.plist */ = {isa = PBXFileReference; lastKnownFileType = text.plist.xml; path = "Humid2UITests-Info.plist"; sourceTree = "<group>"; };
		8466F5F318DD640800164908 /* en */ = {isa = PBXFileReference; lastKnownFileType = text.plist.strings; name = en; path = en.lproj/InfoPlist.strings; sourceTree = "<group>"; };
		8466F5F718DD640800164908 /* Humid2UITests-Prefix.pch */ = {isa = PBXFileReference; lastKnownFileType = sourcecode.c.h; path = "Humid2UITests-Prefix.pch"; sourceTree = "<group>"; };
		8471B80B18E289480095673E /* FunctionalTestingSpec.m */ = {isa = PBXFileReference; fileEncoding = 4; lastKnownFileType = sourcecode.c.objc; path = FunctionalTestingSpec.m; sourceTree = "<group>"; };
		8477D51B18DC4650006240CF /* NXVForecastModel.h */ = {isa = PBXFileReference; fileEncoding = 4; lastKnownFileType = sourcecode.c.h; path = NXVForecastModel.h; sourceTree = "<group>"; };
		8477D51C18DC4650006240CF /* NXVForecastModel.m */ = {isa = PBXFileReference; fileEncoding = 4; lastKnownFileType = sourcecode.c.objc; path = NXVForecastModel.m; sourceTree = "<group>"; };
		84F998DB18D6D8A500899921 /* Humid2.app */ = {isa = PBXFileReference; explicitFileType = wrapper.application; includeInIndex = 0; path = Humid2.app; sourceTree = BUILT_PRODUCTS_DIR; };
		84F998DE18D6D8A500899921 /* Foundation.framework */ = {isa = PBXFileReference; lastKnownFileType = wrapper.framework; name = Foundation.framework; path = System/Library/Frameworks/Foundation.framework; sourceTree = SDKROOT; };
		84F998E018D6D8A500899921 /* CoreGraphics.framework */ = {isa = PBXFileReference; lastKnownFileType = wrapper.framework; name = CoreGraphics.framework; path = System/Library/Frameworks/CoreGraphics.framework; sourceTree = SDKROOT; };
		84F998E218D6D8A500899921 /* UIKit.framework */ = {isa = PBXFileReference; lastKnownFileType = wrapper.framework; name = UIKit.framework; path = System/Library/Frameworks/UIKit.framework; sourceTree = SDKROOT; };
		84F998E618D6D8A500899921 /* Humid2-Info.plist */ = {isa = PBXFileReference; lastKnownFileType = text.plist.xml; path = "Humid2-Info.plist"; sourceTree = "<group>"; };
		84F998E818D6D8A500899921 /* en */ = {isa = PBXFileReference; lastKnownFileType = text.plist.strings; name = en; path = en.lproj/InfoPlist.strings; sourceTree = "<group>"; };
		84F998EA18D6D8A500899921 /* main.m */ = {isa = PBXFileReference; lastKnownFileType = sourcecode.c.objc; path = main.m; sourceTree = "<group>"; };
		84F998EC18D6D8A500899921 /* Humid2-Prefix.pch */ = {isa = PBXFileReference; lastKnownFileType = sourcecode.c.h; path = "Humid2-Prefix.pch"; sourceTree = "<group>"; };
		84F998ED18D6D8A500899921 /* SOAppDelegate.h */ = {isa = PBXFileReference; lastKnownFileType = sourcecode.c.h; path = SOAppDelegate.h; sourceTree = "<group>"; };
		84F998EE18D6D8A500899921 /* SOAppDelegate.m */ = {isa = PBXFileReference; lastKnownFileType = sourcecode.c.objc; path = SOAppDelegate.m; sourceTree = "<group>"; };
		84F998F018D6D8A500899921 /* Images.xcassets */ = {isa = PBXFileReference; lastKnownFileType = folder.assetcatalog; path = Images.xcassets; sourceTree = "<group>"; };
		84F998F618D6D8A600899921 /* Humid2Tests.xctest */ = {isa = PBXFileReference; explicitFileType = wrapper.cfbundle; includeInIndex = 0; path = Humid2Tests.xctest; sourceTree = BUILT_PRODUCTS_DIR; };
		84F998F718D6D8A600899921 /* XCTest.framework */ = {isa = PBXFileReference; lastKnownFileType = wrapper.framework; name = XCTest.framework; path = Library/Frameworks/XCTest.framework; sourceTree = DEVELOPER_DIR; };
		84F998FF18D6D8A600899921 /* Humid2Tests-Info.plist */ = {isa = PBXFileReference; lastKnownFileType = text.plist.xml; path = "Humid2Tests-Info.plist"; sourceTree = "<group>"; };
		84F9990118D6D8A600899921 /* en */ = {isa = PBXFileReference; lastKnownFileType = text.plist.strings; name = en; path = en.lproj/InfoPlist.strings; sourceTree = "<group>"; };
		84F9990318D6D8A600899921 /* Humid2Tests.m */ = {isa = PBXFileReference; lastKnownFileType = sourcecode.c.objc; path = Humid2Tests.m; sourceTree = "<group>"; };
		84F9990D18D6DC6700899921 /* Main.storyboard */ = {isa = PBXFileReference; fileEncoding = 4; lastKnownFileType = file.storyboard; path = Main.storyboard; sourceTree = "<group>"; };
		84F9990F18D6DF4700899921 /* NXVMainViewController.h */ = {isa = PBXFileReference; fileEncoding = 4; lastKnownFileType = sourcecode.c.h; path = NXVMainViewController.h; sourceTree = "<group>"; };
		84F9991018D6DF4700899921 /* NXVMainViewController.m */ = {isa = PBXFileReference; fileEncoding = 4; lastKnownFileType = sourcecode.c.objc; path = NXVMainViewController.m; sourceTree = "<group>"; };
		84F9991818D6E95A00899921 /* NXVAppDelegate.h */ = {isa = PBXFileReference; fileEncoding = 4; lastKnownFileType = sourcecode.c.h; path = NXVAppDelegate.h; sourceTree = "<group>"; };
		84F9991918D6E95A00899921 /* NXVAppDelegate.m */ = {isa = PBXFileReference; fileEncoding = 4; lastKnownFileType = sourcecode.c.objc; path = NXVAppDelegate.m; sourceTree = "<group>"; };
		84F9995A18D70A4A00899921 /* CustomActionSheet.h */ = {isa = PBXFileReference; fileEncoding = 4; lastKnownFileType = sourcecode.c.h; path = CustomActionSheet.h; sourceTree = "<group>"; };
		84F9995B18D70A4A00899921 /* CustomActionSheet.m */ = {isa = PBXFileReference; fileEncoding = 4; lastKnownFileType = sourcecode.c.objc; path = CustomActionSheet.m; sourceTree = "<group>"; };
		84F9995C18D70A4A00899921 /* UIAlertView+Block.h */ = {isa = PBXFileReference; fileEncoding = 4; lastKnownFileType = sourcecode.c.h; path = "UIAlertView+Block.h"; sourceTree = "<group>"; };
		84F9995D18D70A4A00899921 /* UIAlertView+Block.m */ = {isa = PBXFileReference; fileEncoding = 4; lastKnownFileType = sourcecode.c.objc; path = "UIAlertView+Block.m"; sourceTree = "<group>"; };
		84F9996118D70E5200899921 /* Forecast.h */ = {isa = PBXFileReference; fileEncoding = 4; lastKnownFileType = sourcecode.c.h; path = Forecast.h; sourceTree = "<group>"; };
		84F9996218D70E5200899921 /* Forecast.m */ = {isa = PBXFileReference; fileEncoding = 4; lastKnownFileType = sourcecode.c.objc; path = Forecast.m; sourceTree = "<group>"; };
		84F9996418D7149300899921 /* Logging.h */ = {isa = PBXFileReference; lastKnownFileType = sourcecode.c.h; path = Logging.h; sourceTree = "<group>"; };
		8C0AFD1F10D4452790621823 /* libPods-Humid2UITests.a */ = {isa = PBXFileReference; explicitFileType = archive.ar; includeInIndex = 0; path = "libPods-Humid2UITests.a"; sourceTree = BUILT_PRODUCTS_DIR; };
		ABC8D57BD856403481011749 /* libPods-Humid2.a */ = {isa = PBXFileReference; explicitFileType = archive.ar; includeInIndex = 0; path = "libPods-Humid2.a"; sourceTree = BUILT_PRODUCTS_DIR; };
		ACE2966033FC40BC8BE89663 /* Pods-Humid2UITests.xcconfig */ = {isa = PBXFileReference; includeInIndex = 1; lastKnownFileType = text.xcconfig; name = "Pods-Humid2UITests.xcconfig"; path = "Pods/Pods-Humid2UITests.xcconfig"; sourceTree = "<group>"; };
		B201647C01544429B43EF78A /* Pods-Humid2Tests.xcconfig */ = {isa = PBXFileReference; includeInIndex = 1; lastKnownFileType = text.xcconfig; name = "Pods-Humid2Tests.xcconfig"; path = "Pods/Pods-Humid2Tests.xcconfig"; sourceTree = "<group>"; };
		C1568D2E87884813B69C0D96 /* libPods.a */ = {isa = PBXFileReference; explicitFileType = archive.ar; includeInIndex = 0; path = libPods.a; sourceTree = BUILT_PRODUCTS_DIR; };
		E9B41A30C85942BE8F3D1AEA /* Pods-Humid2.xcconfig */ = {isa = PBXFileReference; includeInIndex = 1; lastKnownFileType = text.xcconfig; name = "Pods-Humid2.xcconfig"; path = "Pods/Pods-Humid2.xcconfig"; sourceTree = "<group>"; };
/* End PBXFileReference section */

/* Begin PBXFrameworksBuildPhase section */
		8466F5E818DD640800164908 /* Frameworks */ = {
			isa = PBXFrameworksBuildPhase;
			buildActionMask = 2147483647;
			files = (
				8466F5EC18DD640800164908 /* XCTest.framework in Frameworks */,
				8466F5EE18DD640800164908 /* UIKit.framework in Frameworks */,
				8466F5ED18DD640800164908 /* Foundation.framework in Frameworks */,
				14187B1234604174A9E0FAB9 /* libPods-Humid2UITests.a in Frameworks */,
			);
			runOnlyForDeploymentPostprocessing = 0;
		};
		84F998D818D6D8A500899921 /* Frameworks */ = {
			isa = PBXFrameworksBuildPhase;
			buildActionMask = 2147483647;
			files = (
				84F998E118D6D8A500899921 /* CoreGraphics.framework in Frameworks */,
				84F998E318D6D8A500899921 /* UIKit.framework in Frameworks */,
				84F998DF18D6D8A500899921 /* Foundation.framework in Frameworks */,
				BE58812DB1464947973B2B28 /* libPods-Humid2.a in Frameworks */,
			);
			runOnlyForDeploymentPostprocessing = 0;
		};
		84F998F318D6D8A600899921 /* Frameworks */ = {
			isa = PBXFrameworksBuildPhase;
			buildActionMask = 2147483647;
			files = (
				84F998F818D6D8A600899921 /* XCTest.framework in Frameworks */,
				84F998FA18D6D8A600899921 /* UIKit.framework in Frameworks */,
				84F998F918D6D8A600899921 /* Foundation.framework in Frameworks */,
				379A9A82C794482D9D2428ED /* libPods-Humid2Tests.a in Frameworks */,
			);
			runOnlyForDeploymentPostprocessing = 0;
		};
/* End PBXFrameworksBuildPhase section */

/* Begin PBXGroup section */
		8466F5EF18DD640800164908 /* Humid2UITests */ = {
			isa = PBXGroup;
			children = (
				8466F5F018DD640800164908 /* Supporting Files */,
				8471B80B18E289480095673E /* FunctionalTestingSpec.m */,
			);
			path = Humid2UITests;
			sourceTree = "<group>";
		};
		8466F5F018DD640800164908 /* Supporting Files */ = {
			isa = PBXGroup;
			children = (
				8466F5F118DD640800164908 /* Humid2UITests-Info.plist */,
				8466F5F218DD640800164908 /* InfoPlist.strings */,
				8466F5F718DD640800164908 /* Humid2UITests-Prefix.pch */,
			);
			name = "Supporting Files";
			sourceTree = "<group>";
		};
		84B0750B18DBE8A600FDD820 /* Singleton */ = {
			isa = PBXGroup;
			children = (
				84F9996118D70E5200899921 /* Forecast.h */,
				84F9996218D70E5200899921 /* Forecast.m */,
				843AFD9A18D7F9D900E17047 /* ForecastAPIClient.h */,
				843AFD9B18D7F9D900E17047 /* ForecastAPIClient.m */,
				8433DFD418D7FE0A00576C22 /* Forecast+CLLocation.h */,
				8433DFD518D7FE0A00576C22 /* Forecast+CLLocation.m */,
			);
			name = Singleton;
			sourceTree = "<group>";
		};
		84F998D218D6D8A500899921 = {
			isa = PBXGroup;
			children = (
				84F998E418D6D8A500899921 /* Humid2 */,
				84F998FD18D6D8A600899921 /* Humid2Tests */,
				8466F5EF18DD640800164908 /* Humid2UITests */,
				84F998DD18D6D8A500899921 /* Frameworks */,
				84F998DC18D6D8A500899921 /* Products */,
				E9B41A30C85942BE8F3D1AEA /* Pods-Humid2.xcconfig */,
				B201647C01544429B43EF78A /* Pods-Humid2Tests.xcconfig */,
				ACE2966033FC40BC8BE89663 /* Pods-Humid2UITests.xcconfig */,
			);
			sourceTree = "<group>";
		};
		84F998DC18D6D8A500899921 /* Products */ = {
			isa = PBXGroup;
			children = (
				84F998DB18D6D8A500899921 /* Humid2.app */,
				84F998F618D6D8A600899921 /* Humid2Tests.xctest */,
				8466F5EB18DD640800164908 /* Humid2UITests.octest */,
			);
			name = Products;
			sourceTree = "<group>";
		};
		84F998DD18D6D8A500899921 /* Frameworks */ = {
			isa = PBXGroup;
			children = (
				84F998DE18D6D8A500899921 /* Foundation.framework */,
				84F998E018D6D8A500899921 /* CoreGraphics.framework */,
				84F998E218D6D8A500899921 /* UIKit.framework */,
				84F998F718D6D8A600899921 /* XCTest.framework */,
				C1568D2E87884813B69C0D96 /* libPods.a */,
				ABC8D57BD856403481011749 /* libPods-Humid2.a */,
				28B93496BA41420FB22B7744 /* libPods-Humid2Tests.a */,
				8C0AFD1F10D4452790621823 /* libPods-Humid2UITests.a */,
			);
			name = Frameworks;
			sourceTree = "<group>";
		};
		84F998E418D6D8A500899921 /* Humid2 */ = {
			isa = PBXGroup;
			children = (
				84F9991718D6E94C00899921 /* App */,
				84F9991518D6DF9100899921 /* Models */,
				84F9991618D6DF9C00899921 /* Views */,
				84F9991318D6DF6600899921 /* Controllers */,
				84F9991218D6DF5E00899921 /* Storyboard */,
				84F9991418D6DF8200899921 /* Resources */,
				84F9995818D70A4A00899921 /* Helper */,
				84F998E518D6D8A500899921 /* Supporting Files */,
			);
			path = Humid2;
			sourceTree = "<group>";
		};
		84F998E518D6D8A500899921 /* Supporting Files */ = {
			isa = PBXGroup;
			children = (
				84F998E618D6D8A500899921 /* Humid2-Info.plist */,
				84F998E718D6D8A500899921 /* InfoPlist.strings */,
				84F998EA18D6D8A500899921 /* main.m */,
				84F998EC18D6D8A500899921 /* Humid2-Prefix.pch */,
				84F9996418D7149300899921 /* Logging.h */,
			);
			name = "Supporting Files";
			sourceTree = "<group>";
		};
		84F998FD18D6D8A600899921 /* Humid2Tests */ = {
			isa = PBXGroup;
			children = (
				84F9990318D6D8A600899921 /* Humid2Tests.m */,
				8415CDB318DD9C940056690B /* forecast.json */,
				84F998FE18D6D8A600899921 /* Supporting Files */,
			);
			path = Humid2Tests;
			sourceTree = "<group>";
		};
		84F998FE18D6D8A600899921 /* Supporting Files */ = {
			isa = PBXGroup;
			children = (
				84F998FF18D6D8A600899921 /* Humid2Tests-Info.plist */,
				84F9990018D6D8A600899921 /* InfoPlist.strings */,
			);
			name = "Supporting Files";
			sourceTree = "<group>";
		};
		84F9991218D6DF5E00899921 /* Storyboard */ = {
			isa = PBXGroup;
			children = (
				84F9990D18D6DC6700899921 /* Main.storyboard */,
			);
			name = Storyboard;
			sourceTree = "<group>";
		};
		84F9991318D6DF6600899921 /* Controllers */ = {
			isa = PBXGroup;
			children = (
				84F9990F18D6DF4700899921 /* NXVMainViewController.h */,
				84F9991018D6DF4700899921 /* NXVMainViewController.m */,
				845CC78518E2C0F10046E9F4 /* NXVWeatherDetailsViewController.h */,
				845CC78618E2C0F10046E9F4 /* NXVWeatherDetailsViewController.m */,
			);
			name = Controllers;
			sourceTree = "<group>";
		};
		84F9991418D6DF8200899921 /* Resources */ = {
			isa = PBXGroup;
			children = (
				84F998F018D6D8A500899921 /* Images.xcassets */,
			);
			name = Resources;
			sourceTree = "<group>";
		};
		84F9991518D6DF9100899921 /* Models */ = {
			isa = PBXGroup;
			children = (
				8477D51B18DC4650006240CF /* NXVForecastModel.h */,
				8477D51C18DC4650006240CF /* NXVForecastModel.m */,
			);
			name = Models;
			sourceTree = "<group>";
		};
		84F9991618D6DF9C00899921 /* Views */ = {
			isa = PBXGroup;
			children = (
			);
			name = Views;
			sourceTree = "<group>";
		};
		84F9991718D6E94C00899921 /* App */ = {
			isa = PBXGroup;
			children = (
				84F9991B18D6E99D00899921 /* Services */,
				84F998ED18D6D8A500899921 /* SOAppDelegate.h */,
				84F998EE18D6D8A500899921 /* SOAppDelegate.m */,
				84F9991818D6E95A00899921 /* NXVAppDelegate.h */,
				84F9991918D6E95A00899921 /* NXVAppDelegate.m */,
			);
			name = App;
			sourceTree = "<group>";
		};
		84F9991B18D6E99D00899921 /* Services */ = {
			isa = PBXGroup;
			children = (
				84F9996018D70E2700899921 /* ForecastIO */,
			);
			name = Services;
			sourceTree = "<group>";
		};
		84F9995818D70A4A00899921 /* Helper */ = {
			isa = PBXGroup;
			children = (
				84F9995918D70A4A00899921 /* UIKit-Block */,
			);
			path = Helper;
			sourceTree = SOURCE_ROOT;
		};
		84F9995918D70A4A00899921 /* UIKit-Block */ = {
			isa = PBXGroup;
			children = (
				84F9995A18D70A4A00899921 /* CustomActionSheet.h */,
				84F9995B18D70A4A00899921 /* CustomActionSheet.m */,
				84F9995C18D70A4A00899921 /* UIAlertView+Block.h */,
				84F9995D18D70A4A00899921 /* UIAlertView+Block.m */,
			);
			path = "UIKit-Block";
			sourceTree = "<group>";
		};
		84F9996018D70E2700899921 /* ForecastIO */ = {
			isa = PBXGroup;
			children = (
				84B0750B18DBE8A600FDD820 /* Singleton */,
			);
			name = ForecastIO;
			sourceTree = "<group>";
		};
/* End PBXGroup section */

/* Begin PBXNativeTarget section */
		8466F5EA18DD640800164908 /* Humid2UITests */ = {
			isa = PBXNativeTarget;
			buildConfigurationList = 8466F5FA18DD640800164908 /* Build configuration list for PBXNativeTarget "Humid2UITests" */;
			buildPhases = (
				FE6A2A0169D64F5D9C851BCA /* Check Pods Manifest.lock */,
				8466F5E718DD640800164908 /* Sources */,
				8466F5E818DD640800164908 /* Frameworks */,
				8466F5E918DD640800164908 /* Resources */,
				9F5AAA7E6A0D48C9824E4F12 /* Copy Pods Resources */,
			);
			buildRules = (
			);
			dependencies = (
				8466F5F918DD640800164908 /* PBXTargetDependency */,
			);
			name = Humid2UITests;
			productName = Humid2UITests;
			productReference = 8466F5EB18DD640800164908 /* Humid2UITests.octest */;
			productType = "com.apple.product-type.bundle.unit-test";
		};
		84F998DA18D6D8A500899921 /* Humid2 */ = {
			isa = PBXNativeTarget;
			buildConfigurationList = 84F9990718D6D8A600899921 /* Build configuration list for PBXNativeTarget "Humid2" */;
			buildPhases = (
				A8418F5234C343D5BBBA51E7 /* Check Pods Manifest.lock */,
				84F998D718D6D8A500899921 /* Sources */,
				84F998D918D6D8A500899921 /* Resources */,
				CCC519A488C148B4AA5E222E /* Copy Pods Resources */,
				84F998D818D6D8A500899921 /* Frameworks */,
			);
			buildRules = (
			);
			dependencies = (
			);
			name = Humid2;
			productName = Humid2;
			productReference = 84F998DB18D6D8A500899921 /* Humid2.app */;
			productType = "com.apple.product-type.application";
		};
		84F998F518D6D8A600899921 /* Humid2Tests */ = {
			isa = PBXNativeTarget;
			buildConfigurationList = 84F9990A18D6D8A600899921 /* Build configuration list for PBXNativeTarget "Humid2Tests" */;
			buildPhases = (
				32079583FA344C1BA88582CC /* Check Pods Manifest.lock */,
				84F998F218D6D8A600899921 /* Sources */,
				84F998F318D6D8A600899921 /* Frameworks */,
				84F998F418D6D8A600899921 /* Resources */,
				A8DE6306FB12492F86966CE0 /* Copy Pods Resources */,
			);
			buildRules = (
			);
			dependencies = (
				84F998FC18D6D8A600899921 /* PBXTargetDependency */,
			);
			name = Humid2Tests;
			productName = Humid2Tests;
			productReference = 84F998F618D6D8A600899921 /* Humid2Tests.xctest */;
			productType = "com.apple.product-type.bundle.unit-test";
		};
/* End PBXNativeTarget section */

/* Begin PBXProject section */
		84F998D318D6D8A500899921 /* Project object */ = {
			isa = PBXProject;
			attributes = {
				CLASSPREFIX = NXV;
				LastUpgradeCheck = 0510;
				ORGANIZATIONNAME = "Vinh Nguyen";
				TargetAttributes = {
					8466F5EA18DD640800164908 = {
						TestTargetID = 84F998DA18D6D8A500899921;
					};
					84F998F518D6D8A600899921 = {
						TestTargetID = 84F998DA18D6D8A500899921;
					};
				};
			};
			buildConfigurationList = 84F998D618D6D8A500899921 /* Build configuration list for PBXProject "Humid2" */;
			compatibilityVersion = "Xcode 3.2";
			developmentRegion = English;
			hasScannedForEncodings = 0;
			knownRegions = (
				en,
			);
			mainGroup = 84F998D218D6D8A500899921;
			productRefGroup = 84F998DC18D6D8A500899921 /* Products */;
			projectDirPath = "";
			projectRoot = "";
			targets = (
				84F998DA18D6D8A500899921 /* Humid2 */,
				84F998F518D6D8A600899921 /* Humid2Tests */,
				8466F5EA18DD640800164908 /* Humid2UITests */,
			);
		};
/* End PBXProject section */

/* Begin PBXResourcesBuildPhase section */
		8466F5E918DD640800164908 /* Resources */ = {
			isa = PBXResourcesBuildPhase;
			buildActionMask = 2147483647;
			files = (
				8466F5F418DD640800164908 /* InfoPlist.strings in Resources */,
			);
			runOnlyForDeploymentPostprocessing = 0;
		};
		84F998D918D6D8A500899921 /* Resources */ = {
			isa = PBXResourcesBuildPhase;
			buildActionMask = 2147483647;
			files = (
				84F9990E18D6DC6700899921 /* Main.storyboard in Resources */,
				84F998E918D6D8A500899921 /* InfoPlist.strings in Resources */,
				84F998F118D6D8A500899921 /* Images.xcassets in Resources */,
			);
			runOnlyForDeploymentPostprocessing = 0;
		};
		84F998F418D6D8A600899921 /* Resources */ = {
			isa = PBXResourcesBuildPhase;
			buildActionMask = 2147483647;
			files = (
				8415CDB418DD9C940056690B /* forecast.json in Resources */,
				84F9990218D6D8A600899921 /* InfoPlist.strings in Resources */,
			);
			runOnlyForDeploymentPostprocessing = 0;
		};
/* End PBXResourcesBuildPhase section */

/* Begin PBXShellScriptBuildPhase section */
		32079583FA344C1BA88582CC /* Check Pods Manifest.lock */ = {
			isa = PBXShellScriptBuildPhase;
			buildActionMask = 2147483647;
			files = (
			);
			inputPaths = (
			);
			name = "Check Pods Manifest.lock";
			outputPaths = (
			);
			runOnlyForDeploymentPostprocessing = 0;
			shellPath = /bin/sh;
			shellScript = "diff \"${PODS_ROOT}/../Podfile.lock\" \"${PODS_ROOT}/Manifest.lock\" > /dev/null\nif [[ $? != 0 ]] ; then\n    cat << EOM\nerror: The sandbox is not in sync with the Podfile.lock. Run 'pod install' or update your CocoaPods installation.\nEOM\n    exit 1\nfi\n";
			showEnvVarsInLog = 0;
		};
		9F5AAA7E6A0D48C9824E4F12 /* Copy Pods Resources */ = {
			isa = PBXShellScriptBuildPhase;
			buildActionMask = 2147483647;
			files = (
			);
			inputPaths = (
			);
			name = "Copy Pods Resources";
			outputPaths = (
			);
			runOnlyForDeploymentPostprocessing = 0;
			shellPath = /bin/sh;
			shellScript = "\"${SRCROOT}/Pods/Pods-Humid2UITests-resources.sh\"\n";
			showEnvVarsInLog = 0;
		};
		A8418F5234C343D5BBBA51E7 /* Check Pods Manifest.lock */ = {
			isa = PBXShellScriptBuildPhase;
			buildActionMask = 2147483647;
			files = (
			);
			inputPaths = (
			);
			name = "Check Pods Manifest.lock";
			outputPaths = (
			);
			runOnlyForDeploymentPostprocessing = 0;
			shellPath = /bin/sh;
			shellScript = "diff \"${PODS_ROOT}/../Podfile.lock\" \"${PODS_ROOT}/Manifest.lock\" > /dev/null\nif [[ $? != 0 ]] ; then\n    cat << EOM\nerror: The sandbox is not in sync with the Podfile.lock. Run 'pod install' or update your CocoaPods installation.\nEOM\n    exit 1\nfi\n";
			showEnvVarsInLog = 0;
		};
		A8DE6306FB12492F86966CE0 /* Copy Pods Resources */ = {
			isa = PBXShellScriptBuildPhase;
			buildActionMask = 2147483647;
			files = (
			);
			inputPaths = (
			);
			name = "Copy Pods Resources";
			outputPaths = (
			);
			runOnlyForDeploymentPostprocessing = 0;
			shellPath = /bin/sh;
			shellScript = "\"${SRCROOT}/Pods/Pods-Humid2Tests-resources.sh\"\n";
			showEnvVarsInLog = 0;
		};
		CCC519A488C148B4AA5E222E /* Copy Pods Resources */ = {
			isa = PBXShellScriptBuildPhase;
			buildActionMask = 2147483647;
			files = (
			);
			inputPaths = (
			);
			name = "Copy Pods Resources";
			outputPaths = (
			);
			runOnlyForDeploymentPostprocessing = 0;
			shellPath = /bin/sh;
			shellScript = "\"${SRCROOT}/Pods/Pods-Humid2-resources.sh\"\n";
			showEnvVarsInLog = 0;
		};
		FE6A2A0169D64F5D9C851BCA /* Check Pods Manifest.lock */ = {
			isa = PBXShellScriptBuildPhase;
			buildActionMask = 2147483647;
			files = (
			);
			inputPaths = (
			);
			name = "Check Pods Manifest.lock";
			outputPaths = (
			);
			runOnlyForDeploymentPostprocessing = 0;
			shellPath = /bin/sh;
			shellScript = "diff \"${PODS_ROOT}/../Podfile.lock\" \"${PODS_ROOT}/Manifest.lock\" > /dev/null\nif [[ $? != 0 ]] ; then\n    cat << EOM\nerror: The sandbox is not in sync with the Podfile.lock. Run 'pod install' or update your CocoaPods installation.\nEOM\n    exit 1\nfi\n";
			showEnvVarsInLog = 0;
		};
/* End PBXShellScriptBuildPhase section */

/* Begin PBXSourcesBuildPhase section */
		8466F5E718DD640800164908 /* Sources */ = {
			isa = PBXSourcesBuildPhase;
			buildActionMask = 2147483647;
			files = (
				8471B80C18E289480095673E /* FunctionalTestingSpec.m in Sources */,
			);
			runOnlyForDeploymentPostprocessing = 0;
		};
		84F998D718D6D8A500899921 /* Sources */ = {
			isa = PBXSourcesBuildPhase;
			buildActionMask = 2147483647;
			files = (
				84F9995E18D70A4A00899921 /* CustomActionSheet.m in Sources */,
				84F9991118D6DF4700899921 /* NXVMainViewController.m in Sources */,
				84F998EB18D6D8A500899921 /* main.m in Sources */,
				84F9996318D70E5200899921 /* Forecast.m in Sources */,
				84F9995F18D70A4A00899921 /* UIAlertView+Block.m in Sources */,
				8477D51D18DC4650006240CF /* NXVForecastModel.m in Sources */,
				84F998EF18D6D8A500899921 /* SOAppDelegate.m in Sources */,
				8433DFD618D7FE0A00576C22 /* Forecast+CLLocation.m in Sources */,
				845CC78718E2C0F10046E9F4 /* NXVWeatherDetailsViewController.m in Sources */,
				843AFD9C18D7F9D900E17047 /* ForecastAPIClient.m in Sources */,
				84F9991A18D6E95A00899921 /* NXVAppDelegate.m in Sources */,
			);
			runOnlyForDeploymentPostprocessing = 0;
		};
		84F998F218D6D8A600899921 /* Sources */ = {
			isa = PBXSourcesBuildPhase;
			buildActionMask = 2147483647;
			files = (
				84F9990418D6D8A600899921 /* Humid2Tests.m in Sources */,
			);
			runOnlyForDeploymentPostprocessing = 0;
		};
/* End PBXSourcesBuildPhase section */

/* Begin PBXTargetDependency section */
		8466F5F918DD640800164908 /* PBXTargetDependency */ = {
			isa = PBXTargetDependency;
			target = 84F998DA18D6D8A500899921 /* Humid2 */;
			targetProxy = 8466F5F818DD640800164908 /* PBXContainerItemProxy */;
		};
		84F998FC18D6D8A600899921 /* PBXTargetDependency */ = {
			isa = PBXTargetDependency;
			target = 84F998DA18D6D8A500899921 /* Humid2 */;
			targetProxy = 84F998FB18D6D8A600899921 /* PBXContainerItemProxy */;
		};
/* End PBXTargetDependency section */

/* Begin PBXVariantGroup section */
		8466F5F218DD640800164908 /* InfoPlist.strings */ = {
			isa = PBXVariantGroup;
			children = (
				8466F5F318DD640800164908 /* en */,
			);
			name = InfoPlist.strings;
			sourceTree = "<group>";
		};
		84F998E718D6D8A500899921 /* InfoPlist.strings */ = {
			isa = PBXVariantGroup;
			children = (
				84F998E818D6D8A500899921 /* en */,
			);
			name = InfoPlist.strings;
			sourceTree = "<group>";
		};
		84F9990018D6D8A600899921 /* InfoPlist.strings */ = {
			isa = PBXVariantGroup;
			children = (
				84F9990118D6D8A600899921 /* en */,
			);
			name = InfoPlist.strings;
			sourceTree = "<group>";
		};
/* End PBXVariantGroup section */

/* Begin XCBuildConfiguration section */
		8466F5FB18DD640800164908 /* Debug */ = {
			isa = XCBuildConfiguration;
			baseConfigurationReference = ACE2966033FC40BC8BE89663 /* Pods-Humid2UITests.xcconfig */;
			buildSettings = {
				BUNDLE_LOADER = "$(BUILT_PRODUCTS_DIR)/Humid2.app/Humid2";
				FRAMEWORK_SEARCH_PATHS = (
					"$(SDKROOT)/Developer/Library/Frameworks",
					"$(inherited)",
					"$(DEVELOPER_FRAMEWORKS_DIR)",
				);
				GCC_PRECOMPILE_PREFIX_HEADER = YES;
				GCC_PREFIX_HEADER = "Humid2UITests/Humid2UITests-Prefix.pch";
				GCC_PREPROCESSOR_DEFINITIONS = (
					"DEBUG=1",
					"$(inherited)",
				);
				INFOPLIST_FILE = "Humid2UITests/Humid2UITests-Info.plist";
				PRODUCT_NAME = "$(TARGET_NAME)";
				TEST_HOST = "$(BUNDLE_LOADER)";
				WRAPPER_EXTENSION = octest;
			};
			name = Debug;
		};
		8466F5FC18DD640800164908 /* Release */ = {
			isa = XCBuildConfiguration;
			baseConfigurationReference = ACE2966033FC40BC8BE89663 /* Pods-Humid2UITests.xcconfig */;
			buildSettings = {
				BUNDLE_LOADER = "$(BUILT_PRODUCTS_DIR)/Humid2.app/Humid2";
				FRAMEWORK_SEARCH_PATHS = (
					"$(SDKROOT)/Developer/Library/Frameworks",
					"$(inherited)",
					"$(DEVELOPER_FRAMEWORKS_DIR)",
				);
				GCC_PRECOMPILE_PREFIX_HEADER = YES;
				GCC_PREFIX_HEADER = "Humid2UITests/Humid2UITests-Prefix.pch";
				INFOPLIST_FILE = "Humid2UITests/Humid2UITests-Info.plist";
				PRODUCT_NAME = "$(TARGET_NAME)";
				TEST_HOST = "$(BUNDLE_LOADER)";
				WRAPPER_EXTENSION = octest;
			};
			name = Release;
		};
		84F9990518D6D8A600899921 /* Debug */ = {
			isa = XCBuildConfiguration;
			buildSettings = {
				ALWAYS_SEARCH_USER_PATHS = NO;
				CLANG_CXX_LANGUAGE_STANDARD = "gnu++0x";
				CLANG_CXX_LIBRARY = "libc++";
				CLANG_ENABLE_MODULES = YES;
				CLANG_ENABLE_OBJC_ARC = YES;
				CLANG_WARN_BOOL_CONVERSION = YES;
				CLANG_WARN_CONSTANT_CONVERSION = YES;
				CLANG_WARN_DIRECT_OBJC_ISA_USAGE = YES_ERROR;
				CLANG_WARN_EMPTY_BODY = YES;
				CLANG_WARN_ENUM_CONVERSION = YES;
				CLANG_WARN_INT_CONVERSION = YES;
				CLANG_WARN_OBJC_ROOT_CLASS = YES_ERROR;
				CLANG_WARN__DUPLICATE_METHOD_MATCH = YES;
				"CODE_SIGN_IDENTITY[sdk=iphoneos*]" = "iPhone Developer";
				COPY_PHASE_STRIP = NO;
				GCC_C_LANGUAGE_STANDARD = gnu99;
				GCC_DYNAMIC_NO_PIC = NO;
				GCC_OPTIMIZATION_LEVEL = 0;
				GCC_PREPROCESSOR_DEFINITIONS = (
					"DEBUG=1",
					"$(inherited)",
				);
				GCC_SYMBOLS_PRIVATE_EXTERN = NO;
				GCC_WARN_64_TO_32_BIT_CONVERSION = YES;
				GCC_WARN_ABOUT_RETURN_TYPE = YES_ERROR;
				GCC_WARN_UNDECLARED_SELECTOR = YES;
				GCC_WARN_UNINITIALIZED_AUTOS = YES_AGGRESSIVE;
				GCC_WARN_UNUSED_FUNCTION = YES;
				GCC_WARN_UNUSED_VARIABLE = YES;
				IPHONEOS_DEPLOYMENT_TARGET = 7.1;
				ONLY_ACTIVE_ARCH = YES;
				SDKROOT = iphoneos;
			};
			name = Debug;
		};
		84F9990618D6D8A600899921 /* Release */ = {
			isa = XCBuildConfiguration;
			buildSettings = {
				ALWAYS_SEARCH_USER_PATHS = NO;
				CLANG_CXX_LANGUAGE_STANDARD = "gnu++0x";
				CLANG_CXX_LIBRARY = "libc++";
				CLANG_ENABLE_MODULES = YES;
				CLANG_ENABLE_OBJC_ARC = YES;
				CLANG_WARN_BOOL_CONVERSION = YES;
				CLANG_WARN_CONSTANT_CONVERSION = YES;
				CLANG_WARN_DIRECT_OBJC_ISA_USAGE = YES_ERROR;
				CLANG_WARN_EMPTY_BODY = YES;
				CLANG_WARN_ENUM_CONVERSION = YES;
				CLANG_WARN_INT_CONVERSION = YES;
				CLANG_WARN_OBJC_ROOT_CLASS = YES_ERROR;
				CLANG_WARN__DUPLICATE_METHOD_MATCH = YES;
				"CODE_SIGN_IDENTITY[sdk=iphoneos*]" = "iPhone Developer";
				COPY_PHASE_STRIP = YES;
				ENABLE_NS_ASSERTIONS = NO;
				GCC_C_LANGUAGE_STANDARD = gnu99;
				GCC_WARN_64_TO_32_BIT_CONVERSION = YES;
				GCC_WARN_ABOUT_RETURN_TYPE = YES_ERROR;
				GCC_WARN_UNDECLARED_SELECTOR = YES;
				GCC_WARN_UNINITIALIZED_AUTOS = YES_AGGRESSIVE;
				GCC_WARN_UNUSED_FUNCTION = YES;
				GCC_WARN_UNUSED_VARIABLE = YES;
				IPHONEOS_DEPLOYMENT_TARGET = 7.1;
				SDKROOT = iphoneos;
				VALIDATE_PRODUCT = YES;
			};
			name = Release;
		};
		84F9990818D6D8A600899921 /* Debug */ = {
			isa = XCBuildConfiguration;
			baseConfigurationReference = E9B41A30C85942BE8F3D1AEA /* Pods-Humid2.xcconfig */;
			buildSettings = {
				ASSETCATALOG_COMPILER_APPICON_NAME = AppIcon;
				ASSETCATALOG_COMPILER_LAUNCHIMAGE_NAME = LaunchImage;
				GCC_PRECOMPILE_PREFIX_HEADER = YES;
				GCC_PREFIX_HEADER = "Humid2/Humid2-Prefix.pch";
				INFOPLIST_FILE = "Humid2/Humid2-Info.plist";
				PRODUCT_NAME = "$(TARGET_NAME)";
				WRAPPER_EXTENSION = app;
			};
			name = Debug;
		};
		84F9990918D6D8A600899921 /* Release */ = {
			isa = XCBuildConfiguration;
			baseConfigurationReference = E9B41A30C85942BE8F3D1AEA /* Pods-Humid2.xcconfig */;
			buildSettings = {
				ASSETCATALOG_COMPILER_APPICON_NAME = AppIcon;
				ASSETCATALOG_COMPILER_LAUNCHIMAGE_NAME = LaunchImage;
				GCC_PRECOMPILE_PREFIX_HEADER = YES;
				GCC_PREFIX_HEADER = "Humid2/Humid2-Prefix.pch";
				INFOPLIST_FILE = "Humid2/Humid2-Info.plist";
				PRODUCT_NAME = "$(TARGET_NAME)";
				WRAPPER_EXTENSION = app;
			};
			name = Release;
		};
		84F9990B18D6D8A600899921 /* Debug */ = {
			isa = XCBuildConfiguration;
			baseConfigurationReference = B201647C01544429B43EF78A /* Pods-Humid2Tests.xcconfig */;
			buildSettings = {
				BUNDLE_LOADER = "$(BUILT_PRODUCTS_DIR)/Humid2.app/Humid2";
				FRAMEWORK_SEARCH_PATHS = (
					"$(SDKROOT)/Developer/Library/Frameworks",
					"$(inherited)",
					"$(DEVELOPER_FRAMEWORKS_DIR)",
				);
				GCC_PRECOMPILE_PREFIX_HEADER = YES;
				GCC_PREFIX_HEADER = "Humid2/Humid2-Prefix.pch";
				GCC_PREPROCESSOR_DEFINITIONS = (
					"DEBUG=1",
					"$(inherited)",
				);
				INFOPLIST_FILE = "Humid2Tests/Humid2Tests-Info.plist";
				PRODUCT_NAME = "$(TARGET_NAME)";
				TEST_HOST = "$(BUNDLE_LOADER)";
				WRAPPER_EXTENSION = xctest;
			};
			name = Debug;
		};
		84F9990C18D6D8A600899921 /* Release */ = {
			isa = XCBuildConfiguration;
			baseConfigurationReference = B201647C01544429B43EF78A /* Pods-Humid2Tests.xcconfig */;
			buildSettings = {
				BUNDLE_LOADER = "$(BUILT_PRODUCTS_DIR)/Humid2.app/Humid2";
				FRAMEWORK_SEARCH_PATHS = (
					"$(SDKROOT)/Developer/Library/Frameworks",
					"$(inherited)",
					"$(DEVELOPER_FRAMEWORKS_DIR)",
				);
				GCC_PRECOMPILE_PREFIX_HEADER = YES;
				GCC_PREFIX_HEADER = "Humid2/Humid2-Prefix.pch";
				INFOPLIST_FILE = "Humid2Tests/Humid2Tests-Info.plist";
				PRODUCT_NAME = "$(TARGET_NAME)";
				TEST_HOST = "$(BUNDLE_LOADER)";
				WRAPPER_EXTENSION = xctest;
			};
			name = Release;
		};
/* End XCBuildConfiguration section */

/* Begin XCConfigurationList section */
		8466F5FA18DD640800164908 /* Build configuration list for PBXNativeTarget "Humid2UITests" */ = {
			isa = XCConfigurationList;
			buildConfigurations = (
				8466F5FB18DD640800164908 /* Debug */,
				8466F5FC18DD640800164908 /* Release */,
			);
			defaultConfigurationIsVisible = 0;
			defaultConfigurationName = Release;
		};
		84F998D618D6D8A500899921 /* Build configuration list for PBXProject "Humid2" */ = {
			isa = XCConfigurationList;
			buildConfigurations = (
				84F9990518D6D8A600899921 /* Debug */,
				84F9990618D6D8A600899921 /* Release */,
			);
			defaultConfigurationIsVisible = 0;
			defaultConfigurationName = Release;
		};
		84F9990718D6D8A600899921 /* Build configuration list for PBXNativeTarget "Humid2" */ = {
			isa = XCConfigurationList;
			buildConfigurations = (
				84F9990818D6D8A600899921 /* Debug */,
				84F9990918D6D8A600899921 /* Release */,
			);
			defaultConfigurationIsVisible = 0;
			defaultConfigurationName = Release;
		};
		84F9990A18D6D8A600899921 /* Build configuration list for PBXNativeTarget "Humid2Tests" */ = {
			isa = XCConfigurationList;
			buildConfigurations = (
				84F9990B18D6D8A600899921 /* Debug */,
				84F9990C18D6D8A600899921 /* Release */,
			);
			defaultConfigurationIsVisible = 0;
			defaultConfigurationName = Release;
		};
/* End XCConfigurationList section */
	};
	rootObject = 84F998D318D6D8A500899921 /* Project object */;
}
